
Microsoft Visual Studio Solution File, Format Version 12.00
# Visual Studio Version 17
VisualStudioVersion = 17.6.33829.357
MinimumVisualStudioVersion = 10.0.40219.1
Project("{FAE04EC0-301F-11D3-BF4B-00C04F79EFBC}") = "WindowsFormsApp17", "WindowsFormsApp17\WindowsFormsApp17.csproj", "{3BBE7E9D-C36F-4621-B6B3-F9EDC9480336}"
EndProject
Global
	GlobalSection(SolutionConfigurationPlatforms) = preSolution
		Debug|Any CPU = Debug|Any CPU
		Release|Any CPU = Release|Any CPU
	EndGlobalSection
	GlobalSection(ProjectConfigurationPlatforms) = postSolution
		{3BBE7E9D-C36F-4621-B6B3-F9EDC9480336}.Debug|Any CPU.ActiveCfg = Debug|Any CPU
		{3BBE7E9D-C36F-4621-B6B3-F9EDC9480336}.Debug|Any CPU.Build.0 = Debug|Any CPU
		{3BBE7E9D-C36F-4621-B6B3-F9EDC9480336}.Release|Any CPU.ActiveCfg = Release|Any CPU
		{3BBE7E9D-C36F-4621-B6B3-F9EDC9480336}.Release|Any CPU.Build.0 = Release|Any CPU
	EndGlobalSection
	GlobalSection(SolutionProperties) = preSolution
		HideSolutionNode = FALSE
	EndGlobalSection
	GlobalSection(ExtensibilityGlobals) = postSolution
		SolutionGuid = {8B0DD3AC-DDAE-4CEE-BD15-0B664BBB69FF}
	EndGlobalSection
EndGlobal
